
Microsoft Visual Studio Solution File, Format Version 12.00
# Visual Studio Version 17
VisualStudioVersion = 17.13.35931.197 d17.13
MinimumVisualStudioVersion = 10.0.40219.1
Project("{54A90642-561A-4BB1-A94E-469ADEE60C69}") = "bookapplication-react-ts.client", "bookapplication-react-ts.client\bookapplication-react-ts.client.esproj", "{DE5E429E-8115-BE7C-89BA-91977E7A86F9}"
EndProject
Project("{FAE04EC0-301F-11D3-BF4B-00C04F79EFBC}") = "BookApplication-React-TS.Server", "BookApplication-React-TS.Server\BookApplication-React-TS.Server.csproj", "{4B890563-3D02-4073-85E4-094E95C71CE8}"
EndProject
Global
	GlobalSection(SolutionConfigurationPlatforms) = preSolution
		Debug|Any CPU = Debug|Any CPU
		Release|Any CPU = Release|Any CPU
	EndGlobalSection
	GlobalSection(ProjectConfigurationPlatforms) = postSolution
		{DE5E429E-8115-BE7C-89BA-91977E7A86F9}.Debug|Any CPU.ActiveCfg = Debug|Any CPU
		{DE5E429E-8115-BE7C-89BA-91977E7A86F9}.Debug|Any CPU.Build.0 = Debug|Any CPU
		{DE5E429E-8115-BE7C-89BA-91977E7A86F9}.Debug|Any CPU.Deploy.0 = Debug|Any CPU
		{DE5E429E-8115-BE7C-89BA-91977E7A86F9}.Release|Any CPU.ActiveCfg = Release|Any CPU
		{DE5E429E-8115-BE7C-89BA-91977E7A86F9}.Release|Any CPU.Build.0 = Release|Any CPU
		{DE5E429E-8115-BE7C-89BA-91977E7A86F9}.Release|Any CPU.Deploy.0 = Release|Any CPU
		{4B890563-3D02-4073-85E4-094E95C71CE8}.Debug|Any CPU.ActiveCfg = Debug|Any CPU
		{4B890563-3D02-4073-85E4-094E95C71CE8}.Debug|Any CPU.Build.0 = Debug|Any CPU
		{4B890563-3D02-4073-85E4-094E95C71CE8}.Release|Any CPU.ActiveCfg = Release|Any CPU
		{4B890563-3D02-4073-85E4-094E95C71CE8}.Release|Any CPU.Build.0 = Release|Any CPU
	EndGlobalSection
	GlobalSection(SolutionProperties) = preSolution
		HideSolutionNode = FALSE
	EndGlobalSection
	GlobalSection(ExtensibilityGlobals) = postSolution
		SolutionGuid = {9A64EB20-FAFA-4ABE-819B-A0027C37BE0F}
	EndGlobalSection
EndGlobal
